<solution>
  <folder name="src">
    <project path="src\VolcanionTracking.Domain\VolcanionTracking.Domain.csproj" />
    <project path="src\VolcanionTracking.Application\VolcanionTracking.Application.csproj" />
    <project path="src\VolcanionTracking.Infrastructure\VolcanionTracking.Infrastructure.csproj" />
    <project path="src\VolcanionTracking.API\VolcanionTracking.API.csproj" />
  </folder>
</solution>
